// !$*UTF8*$!
{
	archiveVersion = 1;
	classes = {
	};
	objectVersion = 46;
	objects = {

/* Begin PBXBuildFile section */
		22FFDFAB1A1C639B000AFEC6 /* AppDelegate.swift in Sources */ = {isa = PBXBuildFile; fileRef = 22FFDFAA1A1C639B000AFEC6 /* AppDelegate.swift */; };
		22FFDFAD1A1C639B000AFEC6 /* ViewController.swift in Sources */ = {isa = PBXBuildFile; fileRef = 22FFDFAC1A1C639B000AFEC6 /* ViewController.swift */; };
		22FFDFB01A1C639B000AFEC6 /* Main.storyboard in Resources */ = {isa = PBXBuildFile; fileRef = 22FFDFAE1A1C639B000AFEC6 /* Main.storyboard */; };
		22FFDFB21A1C639B000AFEC6 /* Images.xcassets in Resources */ = {isa = PBXBuildFile; fileRef = 22FFDFB11A1C639B000AFEC6 /* Images.xcassets */; };
		22FFDFB51A1C639B000AFEC6 /* LaunchScreen.xib in Resources */ = {isa = PBXBuildFile; fileRef = 22FFDFB31A1C639B000AFEC6 /* LaunchScreen.xib */; };
		22FFDFC11A1C639B000AFEC6 /* WatchFunTests.swift in Sources */ = {isa = PBXBuildFile; fileRef = 22FFDFC01A1C639B000AFEC6 /* WatchFunTests.swift */; };
		22FFDFD11A1C63B4000AFEC6 /* WatchKit.framework in Frameworks */ = {isa = PBXBuildFile; fileRef = 22FFDFD01A1C63B4000AFEC6 /* WatchKit.framework */; };
		22FFDFD61A1C63B4000AFEC6 /* InterfaceController.swift in Sources */ = {isa = PBXBuildFile; fileRef = 22FFDFD51A1C63B4000AFEC6 /* InterfaceController.swift */; };
		22FFDFD81A1C63B4000AFEC6 /* Images.xcassets in Resources */ = {isa = PBXBuildFile; fileRef = 22FFDFD71A1C63B4000AFEC6 /* Images.xcassets */; };
		22FFDFDC1A1C63B4000AFEC6 /* WatchFun Watch App.app in Resources */ = {isa = PBXBuildFile; fileRef = 22FFDFDB1A1C63B4000AFEC6 /* WatchFun Watch App.app */; };
		22FFDFE31A1C63B4000AFEC6 /* Interface.storyboard in Resources */ = {isa = PBXBuildFile; fileRef = 22FFDFE21A1C63B4000AFEC6 /* Interface.storyboard */; };
		22FFDFE51A1C63B4000AFEC6 /* Images.xcassets in Resources */ = {isa = PBXBuildFile; fileRef = 22FFDFE41A1C63B4000AFEC6 /* Images.xcassets */; };
		22FFDFE81A1C63B4000AFEC6 /* WatchFun WatchKit Extension.appex in Embed App Extensions */ = {isa = PBXBuildFile; fileRef = 22FFDFCE1A1C63B4000AFEC6 /* WatchFun WatchKit Extension.appex */; settings = {ATTRIBUTES = (RemoveHeadersOnCopy, ); }; };
		22FFDFF31A1C64A4000AFEC6 /* MyRowController.swift in Sources */ = {isa = PBXBuildFile; fileRef = 22FFDFF21A1C64A4000AFEC6 /* MyRowController.swift */; };
		22FFDFF71A1D1EBB000AFEC6 /* DetailController.swift in Sources */ = {isa = PBXBuildFile; fileRef = 22FFDFF61A1D1EBB000AFEC6 /* DetailController.swift */; };
/* End PBXBuildFile section */

/* Begin PBXContainerItemProxy section */
		22FFDFBB1A1C639B000AFEC6 /* PBXContainerItemProxy */ = {
			isa = PBXContainerItemProxy;
			containerPortal = 22FFDF9D1A1C639B000AFEC6 /* Project object */;
			proxyType = 1;
			remoteGlobalIDString = 22FFDFA41A1C639B000AFEC6;
			remoteInfo = WatchFun;
		};
		22FFDFDD1A1C63B4000AFEC6 /* PBXContainerItemProxy */ = {
			isa = PBXContainerItemProxy;
			containerPortal = 22FFDF9D1A1C639B000AFEC6 /* Project object */;
			proxyType = 1;
			remoteGlobalIDString = 22FFDFDA1A1C63B4000AFEC6;
			remoteInfo = "WatchFun Watch App";
		};
		22FFDFE61A1C63B4000AFEC6 /* PBXContainerItemProxy */ = {
			isa = PBXContainerItemProxy;
			containerPortal = 22FFDF9D1A1C639B000AFEC6 /* Project object */;
			proxyType = 1;
			remoteGlobalIDString = 22FFDFCD1A1C63B4000AFEC6;
			remoteInfo = "WatchFun WatchKit Extension";
		};
/* End PBXContainerItemProxy section */

/* Begin PBXCopyFilesBuildPhase section */
		22FFDFEF1A1C63B4000AFEC6 /* Embed App Extensions */ = {
			isa = PBXCopyFilesBuildPhase;
			buildActionMask = 2147483647;
			dstPath = "";
			dstSubfolderSpec = 13;
			files = (
				22FFDFE81A1C63B4000AFEC6 /* WatchFun WatchKit Extension.appex in Embed App Extensions */,
			);
			name = "Embed App Extensions";
			runOnlyForDeploymentPostprocessing = 0;
		};
/* End PBXCopyFilesBuildPhase section */

/* Begin PBXFileReference section */
		22FFDFA51A1C639B000AFEC6 /* WatchFun.app */ = {isa = PBXFileReference; explicitFileType = wrapper.application; includeInIndex = 0; path = WatchFun.app; sourceTree = BUILT_PRODUCTS_DIR; };
		22FFDFA91A1C639B000AFEC6 /* Info.plist */ = {isa = PBXFileReference; lastKnownFileType = text.plist.xml; path = Info.plist; sourceTree = "<group>"; };
		22FFDFAA1A1C639B000AFEC6 /* AppDelegate.swift */ = {isa = PBXFileReference; lastKnownFileType = sourcecode.swift; path = AppDelegate.swift; sourceTree = "<group>"; };
		22FFDFAC1A1C639B000AFEC6 /* ViewController.swift */ = {isa = PBXFileReference; lastKnownFileType = sourcecode.swift; path = ViewController.swift; sourceTree = "<group>"; };
		22FFDFAF1A1C639B000AFEC6 /* Base */ = {isa = PBXFileReference; lastKnownFileType = file.storyboard; name = Base; path = Base.lproj/Main.storyboard; sourceTree = "<group>"; };
		22FFDFB11A1C639B000AFEC6 /* Images.xcassets */ = {isa = PBXFileReference; lastKnownFileType = folder.assetcatalog; path = Images.xcassets; sourceTree = "<group>"; };
		22FFDFB41A1C639B000AFEC6 /* Base */ = {isa = PBXFileReference; lastKnownFileType = file.xib; name = Base; path = Base.lproj/LaunchScreen.xib; sourceTree = "<group>"; };
		22FFDFBA1A1C639B000AFEC6 /* WatchFunTests.xctest */ = {isa = PBXFileReference; explicitFileType = wrapper.cfbundle; includeInIndex = 0; path = WatchFunTests.xctest; sourceTree = BUILT_PRODUCTS_DIR; };
		22FFDFBF1A1C639B000AFEC6 /* Info.plist */ = {isa = PBXFileReference; lastKnownFileType = text.plist.xml; path = Info.plist; sourceTree = "<group>"; };
		22FFDFC01A1C639B000AFEC6 /* WatchFunTests.swift */ = {isa = PBXFileReference; lastKnownFileType = sourcecode.swift; path = WatchFunTests.swift; sourceTree = "<group>"; };
		22FFDFCE1A1C63B4000AFEC6 /* WatchFun WatchKit Extension.appex */ = {isa = PBXFileReference; explicitFileType = "wrapper.app-extension"; includeInIndex = 0; path = "WatchFun WatchKit Extension.appex"; sourceTree = BUILT_PRODUCTS_DIR; };
		22FFDFD01A1C63B4000AFEC6 /* WatchKit.framework */ = {isa = PBXFileReference; lastKnownFileType = wrapper.framework; name = WatchKit.framework; path = System/Library/Frameworks/WatchKit.framework; sourceTree = SDKROOT; };
		22FFDFD41A1C63B4000AFEC6 /* Info.plist */ = {isa = PBXFileReference; lastKnownFileType = text.plist.xml; path = Info.plist; sourceTree = "<group>"; };
		22FFDFD51A1C63B4000AFEC6 /* InterfaceController.swift */ = {isa = PBXFileReference; lastKnownFileType = sourcecode.swift; path = InterfaceController.swift; sourceTree = "<group>"; };
		22FFDFD71A1C63B4000AFEC6 /* Images.xcassets */ = {isa = PBXFileReference; lastKnownFileType = folder.assetcatalog; path = Images.xcassets; sourceTree = "<group>"; };
		22FFDFDB1A1C63B4000AFEC6 /* WatchFun Watch App.app */ = {isa = PBXFileReference; explicitFileType = wrapper.application; includeInIndex = 0; path = "WatchFun Watch App.app"; sourceTree = BUILT_PRODUCTS_DIR; };
		22FFDFE11A1C63B4000AFEC6 /* Info.plist */ = {isa = PBXFileReference; lastKnownFileType = text.plist.xml; path = Info.plist; sourceTree = "<group>"; };
		22FFDFE21A1C63B4000AFEC6 /* Interface.storyboard */ = {isa = PBXFileReference; lastKnownFileType = file.storyboard; path = Interface.storyboard; sourceTree = "<group>"; };
		22FFDFE41A1C63B4000AFEC6 /* Images.xcassets */ = {isa = PBXFileReference; lastKnownFileType = folder.assetcatalog; path = Images.xcassets; sourceTree = "<group>"; };
		22FFDFF21A1C64A4000AFEC6 /* MyRowController.swift */ = {isa = PBXFileReference; fileEncoding = 4; lastKnownFileType = sourcecode.swift; path = MyRowController.swift; sourceTree = "<group>"; };
		22FFDFF61A1D1EBB000AFEC6 /* DetailController.swift */ = {isa = PBXFileReference; fileEncoding = 4; lastKnownFileType = sourcecode.swift; path = DetailController.swift; sourceTree = "<group>"; };
/* End PBXFileReference section */

/* Begin PBXFrameworksBuildPhase section */
		22FFDFA21A1C639B000AFEC6 /* Frameworks */ = {
			isa = PBXFrameworksBuildPhase;
			buildActionMask = 2147483647;
			files = (
			);
			runOnlyForDeploymentPostprocessing = 0;
		};
		22FFDFB71A1C639B000AFEC6 /* Frameworks */ = {
			isa = PBXFrameworksBuildPhase;
			buildActionMask = 2147483647;
			files = (
			);
			runOnlyForDeploymentPostprocessing = 0;
		};
		22FFDFCB1A1C63B4000AFEC6 /* Frameworks */ = {
			isa = PBXFrameworksBuildPhase;
			buildActionMask = 2147483647;
			files = (
				22FFDFD11A1C63B4000AFEC6 /* WatchKit.framework in Frameworks */,
			);
			runOnlyForDeploymentPostprocessing = 0;
		};
/* End PBXFrameworksBuildPhase section */

/* Begin PBXGroup section */
		22FFDF9C1A1C639B000AFEC6 = {
			isa = PBXGroup;
			children = (
				22FFDFA71A1C639B000AFEC6 /* WatchFun */,
				22FFDFBD1A1C639B000AFEC6 /* WatchFunTests */,
				22FFDFD21A1C63B4000AFEC6 /* WatchFun WatchKit Extension */,
				22FFDFDF1A1C63B4000AFEC6 /* WatchFun Watch App */,
				22FFDFCF1A1C63B4000AFEC6 /* Frameworks */,
				22FFDFA61A1C639B000AFEC6 /* Products */,
			);
			sourceTree = "<group>";
		};
		22FFDFA61A1C639B000AFEC6 /* Products */ = {
			isa = PBXGroup;
			children = (
				22FFDFA51A1C639B000AFEC6 /* WatchFun.app */,
				22FFDFBA1A1C639B000AFEC6 /* WatchFunTests.xctest */,
				22FFDFCE1A1C63B4000AFEC6 /* WatchFun WatchKit Extension.appex */,
				22FFDFDB1A1C63B4000AFEC6 /* WatchFun Watch App.app */,
			);
			name = Products;
			sourceTree = "<group>";
		};
		22FFDFA71A1C639B000AFEC6 /* WatchFun */ = {
			isa = PBXGroup;
			children = (
				22FFDFAA1A1C639B000AFEC6 /* AppDelegate.swift */,
				22FFDFAC1A1C639B000AFEC6 /* ViewController.swift */,
				22FFDFAE1A1C639B000AFEC6 /* Main.storyboard */,
				22FFDFB11A1C639B000AFEC6 /* Images.xcassets */,
				22FFDFB31A1C639B000AFEC6 /* LaunchScreen.xib */,
				22FFDFA81A1C639B000AFEC6 /* Supporting Files */,
			);
			path = WatchFun;
			sourceTree = "<group>";
		};
		22FFDFA81A1C639B000AFEC6 /* Supporting Files */ = {
			isa = PBXGroup;
			children = (
				22FFDFA91A1C639B000AFEC6 /* Info.plist */,
			);
			name = "Supporting Files";
			sourceTree = "<group>";
		};
		22FFDFBD1A1C639B000AFEC6 /* WatchFunTests */ = {
			isa = PBXGroup;
			children = (
				22FFDFC01A1C639B000AFEC6 /* WatchFunTests.swift */,
				22FFDFBE1A1C639B000AFEC6 /* Supporting Files */,
			);
			path = WatchFunTests;
			sourceTree = "<group>";
		};
		22FFDFBE1A1C639B000AFEC6 /* Supporting Files */ = {
			isa = PBXGroup;
			children = (
				22FFDFBF1A1C639B000AFEC6 /* Info.plist */,
			);
			name = "Supporting Files";
			sourceTree = "<group>";
		};
		22FFDFCF1A1C63B4000AFEC6 /* Frameworks */ = {
			isa = PBXGroup;
			children = (
				22FFDFD01A1C63B4000AFEC6 /* WatchKit.framework */,
			);
			name = Frameworks;
			sourceTree = "<group>";
		};
		22FFDFD21A1C63B4000AFEC6 /* WatchFun WatchKit Extension */ = {
			isa = PBXGroup;
			children = (
				22FFDFD51A1C63B4000AFEC6 /* InterfaceController.swift */,
				22FFDFF61A1D1EBB000AFEC6 /* DetailController.swift */,
				22FFDFF21A1C64A4000AFEC6 /* MyRowController.swift */,
				22FFDFD71A1C63B4000AFEC6 /* Images.xcassets */,
				22FFDFD31A1C63B4000AFEC6 /* Supporting Files */,
			);
			path = "WatchFun WatchKit Extension";
			sourceTree = "<group>";
		};
		22FFDFD31A1C63B4000AFEC6 /* Supporting Files */ = {
			isa = PBXGroup;
			children = (
				22FFDFD41A1C63B4000AFEC6 /* Info.plist */,
			);
			name = "Supporting Files";
			sourceTree = "<group>";
		};
		22FFDFDF1A1C63B4000AFEC6 /* WatchFun Watch App */ = {
			isa = PBXGroup;
			children = (
				22FFDFE21A1C63B4000AFEC6 /* Interface.storyboard */,
				22FFDFE41A1C63B4000AFEC6 /* Images.xcassets */,
				22FFDFE01A1C63B4000AFEC6 /* Supporting Files */,
			);
			path = "WatchFun Watch App";
			sourceTree = "<group>";
		};
		22FFDFE01A1C63B4000AFEC6 /* Supporting Files */ = {
			isa = PBXGroup;
			children = (
				22FFDFE11A1C63B4000AFEC6 /* Info.plist */,
			);
			name = "Supporting Files";
			sourceTree = "<group>";
		};
/* End PBXGroup section */

/* Begin PBXNativeTarget section */
		22FFDFA41A1C639B000AFEC6 /* WatchFun */ = {
			isa = PBXNativeTarget;
			buildConfigurationList = 22FFDFC41A1C639B000AFEC6 /* Build configuration list for PBXNativeTarget "WatchFun" */;
			buildPhases = (
				22FFDFA11A1C639B000AFEC6 /* Sources */,
				22FFDFA21A1C639B000AFEC6 /* Frameworks */,
				22FFDFA31A1C639B000AFEC6 /* Resources */,
				22FFDFEF1A1C63B4000AFEC6 /* Embed App Extensions */,
			);
			buildRules = (
			);
			dependencies = (
				22FFDFE71A1C63B4000AFEC6 /* PBXTargetDependency */,
			);
			name = WatchFun;
			productName = WatchFun;
			productReference = 22FFDFA51A1C639B000AFEC6 /* WatchFun.app */;
			productType = "com.apple.product-type.application";
		};
		22FFDFB91A1C639B000AFEC6 /* WatchFunTests */ = {
			isa = PBXNativeTarget;
			buildConfigurationList = 22FFDFC71A1C639B000AFEC6 /* Build configuration list for PBXNativeTarget "WatchFunTests" */;
			buildPhases = (
				22FFDFB61A1C639B000AFEC6 /* Sources */,
				22FFDFB71A1C639B000AFEC6 /* Frameworks */,
				22FFDFB81A1C639B000AFEC6 /* Resources */,
			);
			buildRules = (
			);
			dependencies = (
				22FFDFBC1A1C639B000AFEC6 /* PBXTargetDependency */,
			);
			name = WatchFunTests;
			productName = WatchFunTests;
			productReference = 22FFDFBA1A1C639B000AFEC6 /* WatchFunTests.xctest */;
			productType = "com.apple.product-type.bundle.unit-test";
		};
		22FFDFCD1A1C63B4000AFEC6 /* WatchFun WatchKit Extension */ = {
			isa = PBXNativeTarget;
			buildConfigurationList = 22FFDFEC1A1C63B4000AFEC6 /* Build configuration list for PBXNativeTarget "WatchFun WatchKit Extension" */;
			buildPhases = (
				22FFDFCA1A1C63B4000AFEC6 /* Sources */,
				22FFDFCB1A1C63B4000AFEC6 /* Frameworks */,
				22FFDFCC1A1C63B4000AFEC6 /* Resources */,
			);
			buildRules = (
			);
			dependencies = (
				22FFDFDE1A1C63B4000AFEC6 /* PBXTargetDependency */,
			);
			name = "WatchFun WatchKit Extension";
			productName = "WatchFun WatchKit Extension";
			productReference = 22FFDFCE1A1C63B4000AFEC6 /* WatchFun WatchKit Extension.appex */;
			productType = "com.apple.product-type.watchkit-extension";
		};
		22FFDFDA1A1C63B4000AFEC6 /* WatchFun Watch App */ = {
			isa = PBXNativeTarget;
			buildConfigurationList = 22FFDFE91A1C63B4000AFEC6 /* Build configuration list for PBXNativeTarget "WatchFun Watch App" */;
			buildPhases = (
				22FFDFD91A1C63B4000AFEC6 /* Resources */,
			);
			buildRules = (
			);
			dependencies = (
			);
			name = "WatchFun Watch App";
			productName = "WatchFun Watch App";
			productReference = 22FFDFDB1A1C63B4000AFEC6 /* WatchFun Watch App.app */;
			productType = "com.apple.product-type.application.watchapp";
		};
/* End PBXNativeTarget section */

/* Begin PBXProject section */
		22FFDF9D1A1C639B000AFEC6 /* Project object */ = {
			isa = PBXProject;
			attributes = {
				LastUpgradeCheck = 0620;
				ORGANIZATIONNAME = nebari;
				TargetAttributes = {
					22FFDFA41A1C639B000AFEC6 = {
						CreatedOnToolsVersion = 6.2;
					};
					22FFDFB91A1C639B000AFEC6 = {
						CreatedOnToolsVersion = 6.2;
						TestTargetID = 22FFDFA41A1C639B000AFEC6;
					};
					22FFDFCD1A1C63B4000AFEC6 = {
						CreatedOnToolsVersion = 6.2;
					};
					22FFDFDA1A1C63B4000AFEC6 = {
						CreatedOnToolsVersion = 6.2;
					};
				};
			};
			buildConfigurationList = 22FFDFA01A1C639B000AFEC6 /* Build configuration list for PBXProject "WatchFun" */;
			compatibilityVersion = "Xcode 3.2";
			developmentRegion = English;
			hasScannedForEncodings = 0;
			knownRegions = (
				en,
				Base,
			);
			mainGroup = 22FFDF9C1A1C639B000AFEC6;
			productRefGroup = 22FFDFA61A1C639B000AFEC6 /* Products */;
			projectDirPath = "";
			projectRoot = "";
			targets = (
				22FFDFA41A1C639B000AFEC6 /* WatchFun */,
				22FFDFB91A1C639B000AFEC6 /* WatchFunTests */,
				22FFDFCD1A1C63B4000AFEC6 /* WatchFun WatchKit Extension */,
				22FFDFDA1A1C63B4000AFEC6 /* WatchFun Watch App */,
			);
		};
/* End PBXProject section */

/* Begin PBXResourcesBuildPhase section */
		22FFDFA31A1C639B000AFEC6 /* Resources */ = {
			isa = PBXResourcesBuildPhase;
			buildActionMask = 2147483647;
			files = (
				22FFDFB01A1C639B000AFEC6 /* Main.storyboard in Resources */,
				22FFDFB51A1C639B000AFEC6 /* LaunchScreen.xib in Resources */,
				22FFDFB21A1C639B000AFEC6 /* Images.xcassets in Resources */,
			);
			runOnlyForDeploymentPostprocessing = 0;
		};
		22FFDFB81A1C639B000AFEC6 /* Resources */ = {
			isa = PBXResourcesBuildPhase;
			buildActionMask = 2147483647;
			files = (
			);
			runOnlyForDeploymentPostprocessing = 0;
		};
		22FFDFCC1A1C63B4000AFEC6 /* Resources */ = {
			isa = PBXResourcesBuildPhase;
			buildActionMask = 2147483647;
			files = (
				22FFDFD81A1C63B4000AFEC6 /* Images.xcassets in Resources */,
				22FFDFDC1A1C63B4000AFEC6 /* WatchFun Watch App.app in Resources */,
			);
			runOnlyForDeploymentPostprocessing = 0;
		};
		22FFDFD91A1C63B4000AFEC6 /* Resources */ = {
			isa = PBXResourcesBuildPhase;
			buildActionMask = 2147483647;
			files = (
				22FFDFE31A1C63B4000AFEC6 /* Interface.storyboard in Resources */,
				22FFDFE51A1C63B4000AFEC6 /* Images.xcassets in Resources */,
			);
			runOnlyForDeploymentPostprocessing = 0;
		};
/* End PBXResourcesBuildPhase section */

/* Begin PBXSourcesBuildPhase section */
		22FFDFA11A1C639B000AFEC6 /* Sources */ = {
			isa = PBXSourcesBuildPhase;
			buildActionMask = 2147483647;
			files = (
				22FFDFAD1A1C639B000AFEC6 /* ViewController.swift in Sources */,
				22FFDFAB1A1C639B000AFEC6 /* AppDelegate.swift in Sources */,
			);
			runOnlyForDeploymentPostprocessing = 0;
		};
		22FFDFB61A1C639B000AFEC6 /* Sources */ = {
			isa = PBXSourcesBuildPhase;
			buildActionMask = 2147483647;
			files = (
				22FFDFC11A1C639B000AFEC6 /* WatchFunTests.swift in Sources */,
			);
			runOnlyForDeploymentPostprocessing = 0;
		};
		22FFDFCA1A1C63B4000AFEC6 /* Sources */ = {
			isa = PBXSourcesBuildPhase;
			buildActionMask = 2147483647;
			files = (
				22FFDFF71A1D1EBB000AFEC6 /* DetailController.swift in Sources */,
				22FFDFD61A1C63B4000AFEC6 /* InterfaceController.swift in Sources */,
				22FFDFF31A1C64A4000AFEC6 /* MyRowController.swift in Sources */,
			);
			runOnlyForDeploymentPostprocessing = 0;
		};
/* End PBXSourcesBuildPhase section */

/* Begin PBXTargetDependency section */
		22FFDFBC1A1C639B000AFEC6 /* PBXTargetDependency */ = {
			isa = PBXTargetDependency;
			target = 22FFDFA41A1C639B000AFEC6 /* WatchFun */;
			targetProxy = 22FFDFBB1A1C639B000AFEC6 /* PBXContainerItemProxy */;
		};
		22FFDFDE1A1C63B4000AFEC6 /* PBXTargetDependency */ = {
			isa = PBXTargetDependency;
			target = 22FFDFDA1A1C63B4000AFEC6 /* WatchFun Watch App */;
			targetProxy = 22FFDFDD1A1C63B4000AFEC6 /* PBXContainerItemProxy */;
		};
		22FFDFE71A1C63B4000AFEC6 /* PBXTargetDependency */ = {
			isa = PBXTargetDependency;
			target = 22FFDFCD1A1C63B4000AFEC6 /* WatchFun WatchKit Extension */;
			targetProxy = 22FFDFE61A1C63B4000AFEC6 /* PBXContainerItemProxy */;
		};
/* End PBXTargetDependency section */

/* Begin PBXVariantGroup section */
		22FFDFAE1A1C639B000AFEC6 /* Main.storyboard */ = {
			isa = PBXVariantGroup;
			children = (
				22FFDFAF1A1C639B000AFEC6 /* Base */,
			);
			name = Main.storyboard;
			sourceTree = "<group>";
		};
		22FFDFB31A1C639B000AFEC6 /* LaunchScreen.xib */ = {
			isa = PBXVariantGroup;
			children = (
				22FFDFB41A1C639B000AFEC6 /* Base */,
			);
			name = LaunchScreen.xib;
			sourceTree = "<group>";
		};
/* End PBXVariantGroup section */

/* Begin XCBuildConfiguration section */
		22FFDFC21A1C639B000AFEC6 /* Debug */ = {
			isa = XCBuildConfiguration;
			buildSettings = {
				ALWAYS_SEARCH_USER_PATHS = NO;
				CLANG_CXX_LANGUAGE_STANDARD = "gnu++0x";
				CLANG_CXX_LIBRARY = "libc++";
				CLANG_ENABLE_MODULES = YES;
				CLANG_ENABLE_OBJC_ARC = YES;
				CLANG_WARN_BOOL_CONVERSION = YES;
				CLANG_WARN_CONSTANT_CONVERSION = YES;
				CLANG_WARN_DIRECT_OBJC_ISA_USAGE = YES_ERROR;
				CLANG_WARN_EMPTY_BODY = YES;
				CLANG_WARN_ENUM_CONVERSION = YES;
				CLANG_WARN_INT_CONVERSION = YES;
				CLANG_WARN_OBJC_ROOT_CLASS = YES_ERROR;
				CLANG_WARN_UNREACHABLE_CODE = YES;
				CLANG_WARN__DUPLICATE_METHOD_MATCH = YES;
				"CODE_SIGN_IDENTITY[sdk=iphoneos*]" = "iPhone Developer";
				COPY_PHASE_STRIP = NO;
				ENABLE_STRICT_OBJC_MSGSEND = YES;
				GCC_C_LANGUAGE_STANDARD = gnu99;
				GCC_DYNAMIC_NO_PIC = NO;
				GCC_OPTIMIZATION_LEVEL = 0;
				GCC_PREPROCESSOR_DEFINITIONS = (
					"DEBUG=1",
					"$(inherited)",
				);
				GCC_SYMBOLS_PRIVATE_EXTERN = NO;
				GCC_WARN_64_TO_32_BIT_CONVERSION = YES;
				GCC_WARN_ABOUT_RETURN_TYPE = YES_ERROR;
				GCC_WARN_UNDECLARED_SELECTOR = YES;
				GCC_WARN_UNINITIALIZED_AUTOS = YES_AGGRESSIVE;
				GCC_WARN_UNUSED_FUNCTION = YES;
				GCC_WARN_UNUSED_VARIABLE = YES;
				IPHONEOS_DEPLOYMENT_TARGET = 8.2;
				MTL_ENABLE_DEBUG_INFO = YES;
				ONLY_ACTIVE_ARCH = YES;
				SDKROOT = iphoneos;
				SWIFT_OPTIMIZATION_LEVEL = "-Onone";
			};
			name = Debug;
		};
		22FFDFC31A1C639B000AFEC6 /* Release */ = {
			isa = XCBuildConfiguration;
			buildSettings = {
				ALWAYS_SEARCH_USER_PATHS = NO;
				CLANG_CXX_LANGUAGE_STANDARD = "gnu++0x";
				CLANG_CXX_LIBRARY = "libc++";
				CLANG_ENABLE_MODULES = YES;
				CLANG_ENABLE_OBJC_ARC = YES;
				CLANG_WARN_BOOL_CONVERSION = YES;
				CLANG_WARN_CONSTANT_CONVERSION = YES;
				CLANG_WARN_DIRECT_OBJC_ISA_USAGE = YES_ERROR;
				CLANG_WARN_EMPTY_BODY = YES;
				CLANG_WARN_ENUM_CONVERSION = YES;
				CLANG_WARN_INT_CONVERSION = YES;
				CLANG_WARN_OBJC_ROOT_CLASS = YES_ERROR;
				CLANG_WARN_UNREACHABLE_CODE = YES;
				CLANG_WARN__DUPLICATE_METHOD_MATCH = YES;
				"CODE_SIGN_IDENTITY[sdk=iphoneos*]" = "iPhone Developer";
				COPY_PHASE_STRIP = YES;
				ENABLE_NS_ASSERTIONS = NO;
				ENABLE_STRICT_OBJC_MSGSEND = YES;
				GCC_C_LANGUAGE_STANDARD = gnu99;
				GCC_WARN_64_TO_32_BIT_CONVERSION = YES;
				GCC_WARN_ABOUT_RETURN_TYPE = YES_ERROR;
				GCC_WARN_UNDECLARED_SELECTOR = YES;
				GCC_WARN_UNINITIALIZED_AUTOS = YES_AGGRESSIVE;
				GCC_WARN_UNUSED_FUNCTION = YES;
				GCC_WARN_UNUSED_VARIABLE = YES;
				IPHONEOS_DEPLOYMENT_TARGET = 8.2;
				MTL_ENABLE_DEBUG_INFO = NO;
				SDKROOT = iphoneos;
				VALIDATE_PRODUCT = YES;
			};
			name = Release;
		};
		22FFDFC51A1C639B000AFEC6 /* Debug */ = {
			isa = XCBuildConfiguration;
			buildSettings = {
				ASSETCATALOG_COMPILER_APPICON_NAME = AppIcon;
				EMBEDDED_CONTENT_CONTAINS_SWIFT = YES;
				INFOPLIST_FILE = WatchFun/Info.plist;
				LD_RUNPATH_SEARCH_PATHS = "$(inherited) @executable_path/Frameworks";
				PRODUCT_NAME = "$(TARGET_NAME)";
			};
			name = Debug;
		};
		22FFDFC61A1C639B000AFEC6 /* Release */ = {
			isa = XCBuildConfiguration;
			buildSettings = {
				ASSETCATALOG_COMPILER_APPICON_NAME = AppIcon;
				EMBEDDED_CONTENT_CONTAINS_SWIFT = YES;
				INFOPLIST_FILE = WatchFun/Info.plist;
				LD_RUNPATH_SEARCH_PATHS = "$(inherited) @executable_path/Frameworks";
				PRODUCT_NAME = "$(TARGET_NAME)";
			};
			name = Release;
		};
		22FFDFC81A1C639B000AFEC6 /* Debug */ = {
			isa = XCBuildConfiguration;
			buildSettings = {
				BUNDLE_LOADER = "$(TEST_HOST)";
				FRAMEWORK_SEARCH_PATHS = (
					"$(SDKROOT)/Developer/Library/Frameworks",
					"$(inherited)",
				);
				GCC_PREPROCESSOR_DEFINITIONS = (
					"DEBUG=1",
					"$(inherited)",
				);
				INFOPLIST_FILE = WatchFunTests/Info.plist;
				LD_RUNPATH_SEARCH_PATHS = "$(inherited) @executable_path/Frameworks @loader_path/Frameworks";
				PRODUCT_NAME = "$(TARGET_NAME)";
				TEST_HOST = "$(BUILT_PRODUCTS_DIR)/WatchFun.app/WatchFun";
			};
			name = Debug;
		};
		22FFDFC91A1C639B000AFEC6 /* Release */ = {
			isa = XCBuildConfiguration;
			buildSettings = {
				BUNDLE_LOADER = "$(TEST_HOST)";
				FRAMEWORK_SEARCH_PATHS = (
					"$(SDKROOT)/Developer/Library/Frameworks",
					"$(inherited)",
				);
				INFOPLIST_FILE = WatchFunTests/Info.plist;
				LD_RUNPATH_SEARCH_PATHS = "$(inherited) @executable_path/Frameworks @loader_path/Frameworks";
				PRODUCT_NAME = "$(TARGET_NAME)";
				TEST_HOST = "$(BUILT_PRODUCTS_DIR)/WatchFun.app/WatchFun";
			};
			name = Release;
		};
		22FFDFEA1A1C63B4000AFEC6 /* Debug */ = {
			isa = XCBuildConfiguration;
			buildSettings = {
				ASSETCATALOG_COMPILER_APPICON_NAME = AppIcon;
				ASSETCATALOG_COMPILER_LAUNCHIMAGE_NAME = LaunchImage;
				GCC_PREPROCESSOR_DEFINITIONS = (
					"DEBUG=1",
					"$(inherited)",
				);
				IBSC_MODULE = WatchFun_WatchKit_Extension;
				INFOPLIST_FILE = "WatchFun Watch App/Info.plist";
				PRODUCT_NAME = "$(TARGET_NAME)";
				SKIP_INSTALL = YES;
				TARGETED_DEVICE_FAMILY = 4;
				"TARGETED_DEVICE_FAMILY[sdk=iphonesimulator*]" = "1,4";
			};
			name = Debug;
		};
		22FFDFEB1A1C63B4000AFEC6 /* Release */ = {
			isa = XCBuildConfiguration;
			buildSettings = {
				ASSETCATALOG_COMPILER_APPICON_NAME = AppIcon;
				ASSETCATALOG_COMPILER_LAUNCHIMAGE_NAME = LaunchImage;
				IBSC_MODULE = WatchFun_WatchKit_Extension;
				INFOPLIST_FILE = "WatchFun Watch App/Info.plist";
				PRODUCT_NAME = "$(TARGET_NAME)";
				SKIP_INSTALL = YES;
				TARGETED_DEVICE_FAMILY = 4;
				"TARGETED_DEVICE_FAMILY[sdk=iphonesimulator*]" = "1,4";
			};
			name = Release;
		};
		22FFDFED1A1C63B4000AFEC6 /* Debug */ = {
			isa = XCBuildConfiguration;
			buildSettings = {
				GCC_PREPROCESSOR_DEFINITIONS = (
					"DEBUG=1",
					"$(inherited)",
				);
				INFOPLIST_FILE = "WatchFun WatchKit Extension/Info.plist";
				LD_RUNPATH_SEARCH_PATHS = "$(inherited) @executable_path/Frameworks @executable_path/../../Frameworks";
				PRODUCT_NAME = "${TARGET_NAME}";
				SKIP_INSTALL = YES;
			};
			name = Debug;
		};
		22FFDFEE1A1C63B4000AFEC6 /* Release */ = {
			isa = XCBuildConfiguration;
			buildSettings = {
				INFOPLIST_FILE = "WatchFun WatchKit Extension/Info.plist";
				LD_RUNPATH_SEARCH_PATHS = "$(inherited) @executable_path/Frameworks @executable_path/../../Frameworks";
				PRODUCT_NAME = "${TARGET_NAME}";
				SKIP_INSTALL = YES;
			};
			name = Release;
		};
/* End XCBuildConfiguration section */

/* Begin XCConfigurationList section */
		22FFDFA01A1C639B000AFEC6 /* Build configuration list for PBXProject "WatchFun" */ = {
			isa = XCConfigurationList;
			buildConfigurations = (
				22FFDFC21A1C639B000AFEC6 /* Debug */,
				22FFDFC31A1C639B000AFEC6 /* Release */,
			);
			defaultConfigurationIsVisible = 0;
			defaultConfigurationName = Release;
		};
		22FFDFC41A1C639B000AFEC6 /* Build configuration list for PBXNativeTarget "WatchFun" */ = {
			isa = XCConfigurationList;
			buildConfigurations = (
				22FFDFC51A1C639B000AFEC6 /* Debug */,
				22FFDFC61A1C639B000AFEC6 /* Release */,
			);
			defaultConfigurationIsVisible = 0;
		};
		22FFDFC71A1C639B000AFEC6 /* Build configuration list for PBXNativeTarget "WatchFunTests" */ = {
			isa = XCConfigurationList;
			buildConfigurations = (
				22FFDFC81A1C639B000AFEC6 /* Debug */,
				22FFDFC91A1C639B000AFEC6 /* Release */,
			);
			defaultConfigurationIsVisible = 0;
		};
		22FFDFE91A1C63B4000AFEC6 /* Build configuration list for PBXNativeTarget "WatchFun Watch App" */ = {
			isa = XCConfigurationList;
			buildConfigurations = (
				22FFDFEA1A1C63B4000AFEC6 /* Debug */,
				22FFDFEB1A1C63B4000AFEC6 /* Release */,
			);
			defaultConfigurationIsVisible = 0;
		};
		22FFDFEC1A1C63B4000AFEC6 /* Build configuration list for PBXNativeTarget "WatchFun WatchKit Extension" */ = {
			isa = XCConfigurationList;
			buildConfigurations = (
				22FFDFED1A1C63B4000AFEC6 /* Debug */,
				22FFDFEE1A1C63B4000AFEC6 /* Release */,
			);
			defaultConfigurationIsVisible = 0;
		};
/* End XCConfigurationList section */
	};
	rootObject = 22FFDF9D1A1C639B000AFEC6 /* Project object */;
}
